
Microsoft Visual Studio Solution File, Format Version 12.00
# Visual Studio Version 16
VisualStudioVersion = 16.0.31105.61
MinimumVisualStudioVersion = 10.0.40219.1
Project("{2150E333-8FDC-42A3-9474-1A3956D46DE8}") = "Common", "Common", "{9C8141E6-3AD8-4994-9F22-C7F3CAD160F8}"
EndProject
Project("{2150E333-8FDC-42A3-9474-1A3956D46DE8}") = "Services", "Services", "{B07F3958-E610-42C2-9677-1B68F8EEFD0A}"
EndProject
Project("{2150E333-8FDC-42A3-9474-1A3956D46DE8}") = "UI", "UI", "{5D31B3C2-B53F-4C38-811A-13E5C17B0EDC}"
EndProject
Project("{9A19103F-16F7-4668-BE54-9A1E7A4F7556}") = "WebStore.Domain", "Common\WebStore.Domain\WebStore.Domain.csproj", "{61E31C10-5E94-44B0-9049-30517A000B30}"
EndProject
Project("{9A19103F-16F7-4668-BE54-9A1E7A4F7556}") = "WebStore.DAL", "Services\WebStore.DAL\WebStore.DAL.csproj", "{F6852DDB-D30B-4B10-9DCF-D6F2C487ACA4}"
EndProject
Project("{9A19103F-16F7-4668-BE54-9A1E7A4F7556}") = "WebStore", "UI\WebStore\WebStore.csproj", "{D26E32A8-AA5C-48AD-83B7-1D12C4B96D82}"
EndProject
Project("{9A19103F-16F7-4668-BE54-9A1E7A4F7556}") = "WebStore.Interfaces", "Services\WebStore.Interfaces\WebStore.Interfaces.csproj", "{1E337CE0-2532-489B-9451-6CF1055BF148}"
EndProject
Project("{9A19103F-16F7-4668-BE54-9A1E7A4F7556}") = "WebStore.Services", "Services\WebStore.Services\WebStore.Services.csproj", "{5D7FEF47-3342-4CB4-ABE2-4E2C9BF2016E}"
EndProject
Project("{9A19103F-16F7-4668-BE54-9A1E7A4F7556}") = "WebStore.ServiceHosting", "Services\WebStore.ServiceHosting\WebStore.ServiceHosting.csproj", "{61B72456-972C-420A-A8AA-6003C20EF86C}"
EndProject
Project("{9A19103F-16F7-4668-BE54-9A1E7A4F7556}") = "WebStore.Clients", "Services\WebStore.Clients\WebStore.Clients.csproj", "{E5656ECC-4340-4036-BCB0-6EE6CD0F6D01}"
EndProject
Project("{9A19103F-16F7-4668-BE54-9A1E7A4F7556}") = "WebStore.ConsoleUI", "UI\WebStore.ConsoleUI\WebStore.ConsoleUI.csproj", "{895572D1-B152-40FF-BEDE-EEC94837FF39}"
EndProject
Project("{9A19103F-16F7-4668-BE54-9A1E7A4F7556}") = "WebStore.Logger", "Common\WebStore.Logger\WebStore.Logger.csproj", "{0292285D-5297-47DA-BF2B-6F55D7BEA87F}"
EndProject
Project("{2150E333-8FDC-42A3-9474-1A3956D46DE8}") = "Tests", "Tests", "{3E8F12C8-9D6C-4E96-91BA-AB21CC8CF30F}"
EndProject
Project("{FAE04EC0-301F-11D3-BF4B-00C04F79EFBC}") = "WebStore.Tests", "Tests\WebStore.Tests\WebStore.Tests.csproj", "{510D87A4-9968-49F5-A344-206D0AD002A9}"
EndProject
Global
	GlobalSection(SolutionConfigurationPlatforms) = preSolution
		Debug|Any CPU = Debug|Any CPU
		Release|Any CPU = Release|Any CPU
	EndGlobalSection
	GlobalSection(ProjectConfigurationPlatforms) = postSolution
		{61E31C10-5E94-44B0-9049-30517A000B30}.Debug|Any CPU.ActiveCfg = Debug|Any CPU
		{61E31C10-5E94-44B0-9049-30517A000B30}.Debug|Any CPU.Build.0 = Debug|Any CPU
		{61E31C10-5E94-44B0-9049-30517A000B30}.Release|Any CPU.ActiveCfg = Release|Any CPU
		{61E31C10-5E94-44B0-9049-30517A000B30}.Release|Any CPU.Build.0 = Release|Any CPU
		{F6852DDB-D30B-4B10-9DCF-D6F2C487ACA4}.Debug|Any CPU.ActiveCfg = Debug|Any CPU
		{F6852DDB-D30B-4B10-9DCF-D6F2C487ACA4}.Debug|Any CPU.Build.0 = Debug|Any CPU
		{F6852DDB-D30B-4B10-9DCF-D6F2C487ACA4}.Release|Any CPU.ActiveCfg = Release|Any CPU
		{F6852DDB-D30B-4B10-9DCF-D6F2C487ACA4}.Release|Any CPU.Build.0 = Release|Any CPU
		{D26E32A8-AA5C-48AD-83B7-1D12C4B96D82}.Debug|Any CPU.ActiveCfg = Debug|Any CPU
		{D26E32A8-AA5C-48AD-83B7-1D12C4B96D82}.Debug|Any CPU.Build.0 = Debug|Any CPU
		{D26E32A8-AA5C-48AD-83B7-1D12C4B96D82}.Release|Any CPU.ActiveCfg = Release|Any CPU
		{D26E32A8-AA5C-48AD-83B7-1D12C4B96D82}.Release|Any CPU.Build.0 = Release|Any CPU
		{1E337CE0-2532-489B-9451-6CF1055BF148}.Debug|Any CPU.ActiveCfg = Debug|Any CPU
		{1E337CE0-2532-489B-9451-6CF1055BF148}.Debug|Any CPU.Build.0 = Debug|Any CPU
		{1E337CE0-2532-489B-9451-6CF1055BF148}.Release|Any CPU.ActiveCfg = Release|Any CPU
		{1E337CE0-2532-489B-9451-6CF1055BF148}.Release|Any CPU.Build.0 = Release|Any CPU
		{5D7FEF47-3342-4CB4-ABE2-4E2C9BF2016E}.Debug|Any CPU.ActiveCfg = Debug|Any CPU
		{5D7FEF47-3342-4CB4-ABE2-4E2C9BF2016E}.Debug|Any CPU.Build.0 = Debug|Any CPU
		{5D7FEF47-3342-4CB4-ABE2-4E2C9BF2016E}.Release|Any CPU.ActiveCfg = Release|Any CPU
		{5D7FEF47-3342-4CB4-ABE2-4E2C9BF2016E}.Release|Any CPU.Build.0 = Release|Any CPU
		{61B72456-972C-420A-A8AA-6003C20EF86C}.Debug|Any CPU.ActiveCfg = Debug|Any CPU
		{61B72456-972C-420A-A8AA-6003C20EF86C}.Debug|Any CPU.Build.0 = Debug|Any CPU
		{61B72456-972C-420A-A8AA-6003C20EF86C}.Release|Any CPU.ActiveCfg = Release|Any CPU
		{61B72456-972C-420A-A8AA-6003C20EF86C}.Release|Any CPU.Build.0 = Release|Any CPU
		{E5656ECC-4340-4036-BCB0-6EE6CD0F6D01}.Debug|Any CPU.ActiveCfg = Debug|Any CPU
		{E5656ECC-4340-4036-BCB0-6EE6CD0F6D01}.Debug|Any CPU.Build.0 = Debug|Any CPU
		{E5656ECC-4340-4036-BCB0-6EE6CD0F6D01}.Release|Any CPU.ActiveCfg = Release|Any CPU
		{E5656ECC-4340-4036-BCB0-6EE6CD0F6D01}.Release|Any CPU.Build.0 = Release|Any CPU
		{895572D1-B152-40FF-BEDE-EEC94837FF39}.Debug|Any CPU.ActiveCfg = Debug|Any CPU
		{895572D1-B152-40FF-BEDE-EEC94837FF39}.Debug|Any CPU.Build.0 = Debug|Any CPU
		{895572D1-B152-40FF-BEDE-EEC94837FF39}.Release|Any CPU.ActiveCfg = Release|Any CPU
		{895572D1-B152-40FF-BEDE-EEC94837FF39}.Release|Any CPU.Build.0 = Release|Any CPU
		{0292285D-5297-47DA-BF2B-6F55D7BEA87F}.Debug|Any CPU.ActiveCfg = Debug|Any CPU
		{0292285D-5297-47DA-BF2B-6F55D7BEA87F}.Debug|Any CPU.Build.0 = Debug|Any CPU
		{0292285D-5297-47DA-BF2B-6F55D7BEA87F}.Release|Any CPU.ActiveCfg = Release|Any CPU
		{0292285D-5297-47DA-BF2B-6F55D7BEA87F}.Release|Any CPU.Build.0 = Release|Any CPU
		{510D87A4-9968-49F5-A344-206D0AD002A9}.Debug|Any CPU.ActiveCfg = Debug|Any CPU
		{510D87A4-9968-49F5-A344-206D0AD002A9}.Debug|Any CPU.Build.0 = Debug|Any CPU
		{510D87A4-9968-49F5-A344-206D0AD002A9}.Release|Any CPU.ActiveCfg = Release|Any CPU
		{510D87A4-9968-49F5-A344-206D0AD002A9}.Release|Any CPU.Build.0 = Release|Any CPU
	EndGlobalSection
	GlobalSection(SolutionProperties) = preSolution
		HideSolutionNode = FALSE
	EndGlobalSection
	GlobalSection(NestedProjects) = preSolution
		{61E31C10-5E94-44B0-9049-30517A000B30} = {9C8141E6-3AD8-4994-9F22-C7F3CAD160F8}
		{F6852DDB-D30B-4B10-9DCF-D6F2C487ACA4} = {B07F3958-E610-42C2-9677-1B68F8EEFD0A}
		{D26E32A8-AA5C-48AD-83B7-1D12C4B96D82} = {5D31B3C2-B53F-4C38-811A-13E5C17B0EDC}
		{1E337CE0-2532-489B-9451-6CF1055BF148} = {B07F3958-E610-42C2-9677-1B68F8EEFD0A}
		{5D7FEF47-3342-4CB4-ABE2-4E2C9BF2016E} = {B07F3958-E610-42C2-9677-1B68F8EEFD0A}
		{61B72456-972C-420A-A8AA-6003C20EF86C} = {B07F3958-E610-42C2-9677-1B68F8EEFD0A}
		{E5656ECC-4340-4036-BCB0-6EE6CD0F6D01} = {B07F3958-E610-42C2-9677-1B68F8EEFD0A}
		{895572D1-B152-40FF-BEDE-EEC94837FF39} = {5D31B3C2-B53F-4C38-811A-13E5C17B0EDC}
		{0292285D-5297-47DA-BF2B-6F55D7BEA87F} = {9C8141E6-3AD8-4994-9F22-C7F3CAD160F8}
		{510D87A4-9968-49F5-A344-206D0AD002A9} = {3E8F12C8-9D6C-4E96-91BA-AB21CC8CF30F}
	EndGlobalSection
	GlobalSection(ExtensibilityGlobals) = postSolution
		SolutionGuid = {F526B6AB-6BEF-49D9-AE15-9F50F08FE0CD}
	EndGlobalSection
EndGlobal
